
Microsoft Visual Studio Solution File, Format Version 11.00
# Visual Studio 2010
Project("{FAE04EC0-301F-11D3-BF4B-00C04F79EFBC}") = "CardGame", "CardGame\CardGame.csproj", "{17054548-E3F8-4D6B-AF4D-8F9BF56FC45E}"
EndProject
Project("{FAE04EC0-301F-11D3-BF4B-00C04F79EFBC}") = "TestApp", "TestApp\TestApp.csproj", "{D9515588-38C6-4023-88E7-EE917662C460}"
EndProject
Global
	GlobalSection(SolutionConfigurationPlatforms) = preSolution
		Debug|Any CPU = Debug|Any CPU
		Debug|Mixed Platforms = Debug|Mixed Platforms
		Debug|x86 = Debug|x86
		Release|Any CPU = Release|Any CPU
		Release|Mixed Platforms = Release|Mixed Platforms
		Release|x86 = Release|x86
	EndGlobalSection
	GlobalSection(ProjectConfigurationPlatforms) = postSolution
		{17054548-E3F8-4D6B-AF4D-8F9BF56FC45E}.Debug|Any CPU.ActiveCfg = Debug|Any CPU
		{17054548-E3F8-4D6B-AF4D-8F9BF56FC45E}.Debug|Any CPU.Build.0 = Debug|Any CPU
		{17054548-E3F8-4D6B-AF4D-8F9BF56FC45E}.Debug|Mixed Platforms.ActiveCfg = Debug|Any CPU
		{17054548-E3F8-4D6B-AF4D-8F9BF56FC45E}.Debug|Mixed Platforms.Build.0 = Debug|Any CPU
		{17054548-E3F8-4D6B-AF4D-8F9BF56FC45E}.Debug|x86.ActiveCfg = Debug|Any CPU
		{17054548-E3F8-4D6B-AF4D-8F9BF56FC45E}.Release|Any CPU.ActiveCfg = Release|Any CPU
		{17054548-E3F8-4D6B-AF4D-8F9BF56FC45E}.Release|Any CPU.Build.0 = Release|Any CPU
		{17054548-E3F8-4D6B-AF4D-8F9BF56FC45E}.Release|Mixed Platforms.ActiveCfg = Release|Any CPU
		{17054548-E3F8-4D6B-AF4D-8F9BF56FC45E}.Release|Mixed Platforms.Build.0 = Release|Any CPU
		{17054548-E3F8-4D6B-AF4D-8F9BF56FC45E}.Release|x86.ActiveCfg = Release|Any CPU
		{D9515588-38C6-4023-88E7-EE917662C460}.Debug|Any CPU.ActiveCfg = Debug|x86
		{D9515588-38C6-4023-88E7-EE917662C460}.Debug|Mixed Platforms.ActiveCfg = Debug|x86
		{D9515588-38C6-4023-88E7-EE917662C460}.Debug|Mixed Platforms.Build.0 = Debug|x86
		{D9515588-38C6-4023-88E7-EE917662C460}.Debug|x86.ActiveCfg = Debug|x86
		{D9515588-38C6-4023-88E7-EE917662C460}.Debug|x86.Build.0 = Debug|x86
		{D9515588-38C6-4023-88E7-EE917662C460}.Release|Any CPU.ActiveCfg = Release|x86
		{D9515588-38C6-4023-88E7-EE917662C460}.Release|Mixed Platforms.ActiveCfg = Release|x86
		{D9515588-38C6-4023-88E7-EE917662C460}.Release|Mixed Platforms.Build.0 = Release|x86
		{D9515588-38C6-4023-88E7-EE917662C460}.Release|x86.ActiveCfg = Release|x86
		{D9515588-38C6-4023-88E7-EE917662C460}.Release|x86.Build.0 = Release|x86
	EndGlobalSection
	GlobalSection(SolutionProperties) = preSolution
		HideSolutionNode = FALSE
	EndGlobalSection
EndGlobal
